
Microsoft Visual Studio Solution File, Format Version 12.00
# Visual Studio Version 16
VisualStudioVersion = 16.0.30611.23
MinimumVisualStudioVersion = 10.0.40219.1
Project("{FAE04EC0-301F-11D3-BF4B-00C04F79EFBC}") = "Rozdzial2", "Rozdzial2\Rozdzial2.csproj", "{913A5019-81B0-4DCD-8968-E20CB9B519FA}"
EndProject
Global
	GlobalSection(SolutionConfigurationPlatforms) = preSolution
		Debug|Any CPU = Debug|Any CPU
		Release|Any CPU = Release|Any CPU
	EndGlobalSection
	GlobalSection(ProjectConfigurationPlatforms) = postSolution
		{913A5019-81B0-4DCD-8968-E20CB9B519FA}.Debug|Any CPU.ActiveCfg = Debug|Any CPU
		{913A5019-81B0-4DCD-8968-E20CB9B519FA}.Debug|Any CPU.Build.0 = Debug|Any CPU
		{913A5019-81B0-4DCD-8968-E20CB9B519FA}.Release|Any CPU.ActiveCfg = Release|Any CPU
		{913A5019-81B0-4DCD-8968-E20CB9B519FA}.Release|Any CPU.Build.0 = Release|Any CPU
	EndGlobalSection
	GlobalSection(SolutionProperties) = preSolution
		HideSolutionNode = FALSE
	EndGlobalSection
	GlobalSection(ExtensibilityGlobals) = postSolution
		SolutionGuid = {267522FD-670A-429C-973A-8862E5EB32E7}
	EndGlobalSection
EndGlobal
